
Microsoft Visual Studio Solution File, Format Version 12.00
# Visual Studio 14
VisualStudioVersion = 14.0.25420.1
MinimumVisualStudioVersion = 10.0.40219.1
Project("{FAE04EC0-301F-11D3-BF4B-00C04F79EFBC}") = "03.DevideBy7And5", "03.DevideBy7And5\03.DevideBy7And5.csproj", "{67CB2C6D-E3A2-4208-9ACA-7CEA11A860AD}"
EndProject
Project("{FAE04EC0-301F-11D3-BF4B-00C04F79EFBC}") = "04.Rectangles", "04.Rectangles\04.Rectangles.csproj", "{89D75D50-D4E1-42AD-A300-C4C5939E69BF}"
EndProject
Project("{FAE04EC0-301F-11D3-BF4B-00C04F79EFBC}") = "05.ThirdDigit", "05.ThirdDigit\05.ThirdDigit.csproj", "{51973262-6F96-4E96-B477-279C1CFBE7F7}"
EndProject
Project("{FAE04EC0-301F-11D3-BF4B-00C04F79EFBC}") = "06.FourDigits", "06.FourDigits\06.FourDigits.csproj", "{CF220572-BF8F-46BF-8D97-7D086010C2A4}"
EndProject
Project("{FAE04EC0-301F-11D3-BF4B-00C04F79EFBC}") = "07.PointInACircle", "07.PointInACircle\07.PointInACircle.csproj", "{5B95C048-150E-4E67-AB27-CE808DDCD889}"
EndProject
Global
	GlobalSection(SolutionConfigurationPlatforms) = preSolution
		Debug|Any CPU = Debug|Any CPU
		Release|Any CPU = Release|Any CPU
	EndGlobalSection
	GlobalSection(ProjectConfigurationPlatforms) = postSolution
		{67CB2C6D-E3A2-4208-9ACA-7CEA11A860AD}.Debug|Any CPU.ActiveCfg = Debug|Any CPU
		{67CB2C6D-E3A2-4208-9ACA-7CEA11A860AD}.Debug|Any CPU.Build.0 = Debug|Any CPU
		{67CB2C6D-E3A2-4208-9ACA-7CEA11A860AD}.Release|Any CPU.ActiveCfg = Release|Any CPU
		{67CB2C6D-E3A2-4208-9ACA-7CEA11A860AD}.Release|Any CPU.Build.0 = Release|Any CPU
		{89D75D50-D4E1-42AD-A300-C4C5939E69BF}.Debug|Any CPU.ActiveCfg = Debug|Any CPU
		{89D75D50-D4E1-42AD-A300-C4C5939E69BF}.Debug|Any CPU.Build.0 = Debug|Any CPU
		{89D75D50-D4E1-42AD-A300-C4C5939E69BF}.Release|Any CPU.ActiveCfg = Release|Any CPU
		{89D75D50-D4E1-42AD-A300-C4C5939E69BF}.Release|Any CPU.Build.0 = Release|Any CPU
		{51973262-6F96-4E96-B477-279C1CFBE7F7}.Debug|Any CPU.ActiveCfg = Debug|Any CPU
		{51973262-6F96-4E96-B477-279C1CFBE7F7}.Debug|Any CPU.Build.0 = Debug|Any CPU
		{51973262-6F96-4E96-B477-279C1CFBE7F7}.Release|Any CPU.ActiveCfg = Release|Any CPU
		{51973262-6F96-4E96-B477-279C1CFBE7F7}.Release|Any CPU.Build.0 = Release|Any CPU
		{CF220572-BF8F-46BF-8D97-7D086010C2A4}.Debug|Any CPU.ActiveCfg = Debug|Any CPU
		{CF220572-BF8F-46BF-8D97-7D086010C2A4}.Debug|Any CPU.Build.0 = Debug|Any CPU
		{CF220572-BF8F-46BF-8D97-7D086010C2A4}.Release|Any CPU.ActiveCfg = Release|Any CPU
		{CF220572-BF8F-46BF-8D97-7D086010C2A4}.Release|Any CPU.Build.0 = Release|Any CPU
		{5B95C048-150E-4E67-AB27-CE808DDCD889}.Debug|Any CPU.ActiveCfg = Debug|Any CPU
		{5B95C048-150E-4E67-AB27-CE808DDCD889}.Debug|Any CPU.Build.0 = Debug|Any CPU
		{5B95C048-150E-4E67-AB27-CE808DDCD889}.Release|Any CPU.ActiveCfg = Release|Any CPU
		{5B95C048-150E-4E67-AB27-CE808DDCD889}.Release|Any CPU.Build.0 = Release|Any CPU
	EndGlobalSection
	GlobalSection(SolutionProperties) = preSolution
		HideSolutionNode = FALSE
	EndGlobalSection
EndGlobal
