
Microsoft Visual Studio Solution File, Format Version 12.00
# Visual Studio 15
VisualStudioVersion = 15.0.26730.10
MinimumVisualStudioVersion = 10.0.40219.1
Project("{FAE04EC0-301F-11D3-BF4B-00C04F79EFBC}") = "Task_1.1", "Task_1.1\Task_1.1.csproj", "{E28088F9-36C1-4A99-B42D-F106100F4B9C}"
EndProject
Project("{FAE04EC0-301F-11D3-BF4B-00C04F79EFBC}") = "Task_1.2", "Task_1.2\Task_1.2.csproj", "{B3D089B5-996F-46A2-8140-B5F1D8F70E7C}"
EndProject
Project("{FAE04EC0-301F-11D3-BF4B-00C04F79EFBC}") = "Task_1.3", "Task_1.3\Task_1.3.csproj", "{93B83401-7040-4C8D-97AB-4D923EF72781}"
EndProject
Project("{FAE04EC0-301F-11D3-BF4B-00C04F79EFBC}") = "Task_1.4", "Task_1.4\Task_1.4.csproj", "{3D5E3FE5-CCA4-4577-9306-DD1E72A645B5}"
EndProject
Project("{FAE04EC0-301F-11D3-BF4B-00C04F79EFBC}") = "Task_1.5", "Task_1.5\Task_1.5.csproj", "{33232FBA-7187-482A-ADE4-27F9F8CE930F}"
EndProject
Project("{FAE04EC0-301F-11D3-BF4B-00C04F79EFBC}") = "Task_2.1", "Task_2.1\Task_2.1.csproj", "{04A3F74E-4910-4FC1-9CE5-21851B9E3D14}"
EndProject
Project("{FAE04EC0-301F-11D3-BF4B-00C04F79EFBC}") = "Task_2.2", "Task_2.2\Task_2.2.csproj", "{137E57BC-FB00-47AC-B236-E959120F3C42}"
EndProject
Project("{FAE04EC0-301F-11D3-BF4B-00C04F79EFBC}") = "Task_2.3", "Task_2.3\Task_2.3.csproj", "{FDCC08A4-CBB6-4E36-A209-75750D90A38E}"
EndProject
Project("{FAE04EC0-301F-11D3-BF4B-00C04F79EFBC}") = "Task_2.4", "Task_2.4\Task_2.4.csproj", "{BC9D729B-F799-4C0E-B870-8E59399C72D0}"
EndProject
Project("{FAE04EC0-301F-11D3-BF4B-00C04F79EFBC}") = "Task_2.5", "Task_2.5\Task_2.5.csproj", "{1FF00527-31C9-49BE-9F27-DE071078F7BA}"
EndProject
Global
	GlobalSection(SolutionConfigurationPlatforms) = preSolution
		Debug|Any CPU = Debug|Any CPU
		Release|Any CPU = Release|Any CPU
	EndGlobalSection
	GlobalSection(ProjectConfigurationPlatforms) = postSolution
		{E28088F9-36C1-4A99-B42D-F106100F4B9C}.Debug|Any CPU.ActiveCfg = Debug|Any CPU
		{E28088F9-36C1-4A99-B42D-F106100F4B9C}.Debug|Any CPU.Build.0 = Debug|Any CPU
		{E28088F9-36C1-4A99-B42D-F106100F4B9C}.Release|Any CPU.ActiveCfg = Release|Any CPU
		{E28088F9-36C1-4A99-B42D-F106100F4B9C}.Release|Any CPU.Build.0 = Release|Any CPU
		{B3D089B5-996F-46A2-8140-B5F1D8F70E7C}.Debug|Any CPU.ActiveCfg = Debug|Any CPU
		{B3D089B5-996F-46A2-8140-B5F1D8F70E7C}.Debug|Any CPU.Build.0 = Debug|Any CPU
		{B3D089B5-996F-46A2-8140-B5F1D8F70E7C}.Release|Any CPU.ActiveCfg = Release|Any CPU
		{B3D089B5-996F-46A2-8140-B5F1D8F70E7C}.Release|Any CPU.Build.0 = Release|Any CPU
		{93B83401-7040-4C8D-97AB-4D923EF72781}.Debug|Any CPU.ActiveCfg = Debug|Any CPU
		{93B83401-7040-4C8D-97AB-4D923EF72781}.Debug|Any CPU.Build.0 = Debug|Any CPU
		{93B83401-7040-4C8D-97AB-4D923EF72781}.Release|Any CPU.ActiveCfg = Release|Any CPU
		{93B83401-7040-4C8D-97AB-4D923EF72781}.Release|Any CPU.Build.0 = Release|Any CPU
		{3D5E3FE5-CCA4-4577-9306-DD1E72A645B5}.Debug|Any CPU.ActiveCfg = Debug|Any CPU
		{3D5E3FE5-CCA4-4577-9306-DD1E72A645B5}.Debug|Any CPU.Build.0 = Debug|Any CPU
		{3D5E3FE5-CCA4-4577-9306-DD1E72A645B5}.Release|Any CPU.ActiveCfg = Release|Any CPU
		{3D5E3FE5-CCA4-4577-9306-DD1E72A645B5}.Release|Any CPU.Build.0 = Release|Any CPU
		{33232FBA-7187-482A-ADE4-27F9F8CE930F}.Debug|Any CPU.ActiveCfg = Debug|Any CPU
		{33232FBA-7187-482A-ADE4-27F9F8CE930F}.Debug|Any CPU.Build.0 = Debug|Any CPU
		{33232FBA-7187-482A-ADE4-27F9F8CE930F}.Release|Any CPU.ActiveCfg = Release|Any CPU
		{33232FBA-7187-482A-ADE4-27F9F8CE930F}.Release|Any CPU.Build.0 = Release|Any CPU
		{04A3F74E-4910-4FC1-9CE5-21851B9E3D14}.Debug|Any CPU.ActiveCfg = Debug|Any CPU
		{04A3F74E-4910-4FC1-9CE5-21851B9E3D14}.Debug|Any CPU.Build.0 = Debug|Any CPU
		{04A3F74E-4910-4FC1-9CE5-21851B9E3D14}.Release|Any CPU.ActiveCfg = Release|Any CPU
		{04A3F74E-4910-4FC1-9CE5-21851B9E3D14}.Release|Any CPU.Build.0 = Release|Any CPU
		{137E57BC-FB00-47AC-B236-E959120F3C42}.Debug|Any CPU.ActiveCfg = Debug|Any CPU
		{137E57BC-FB00-47AC-B236-E959120F3C42}.Debug|Any CPU.Build.0 = Debug|Any CPU
		{137E57BC-FB00-47AC-B236-E959120F3C42}.Release|Any CPU.ActiveCfg = Release|Any CPU
		{137E57BC-FB00-47AC-B236-E959120F3C42}.Release|Any CPU.Build.0 = Release|Any CPU
		{FDCC08A4-CBB6-4E36-A209-75750D90A38E}.Debug|Any CPU.ActiveCfg = Debug|Any CPU
		{FDCC08A4-CBB6-4E36-A209-75750D90A38E}.Debug|Any CPU.Build.0 = Debug|Any CPU
		{FDCC08A4-CBB6-4E36-A209-75750D90A38E}.Release|Any CPU.ActiveCfg = Release|Any CPU
		{FDCC08A4-CBB6-4E36-A209-75750D90A38E}.Release|Any CPU.Build.0 = Release|Any CPU
		{BC9D729B-F799-4C0E-B870-8E59399C72D0}.Debug|Any CPU.ActiveCfg = Debug|Any CPU
		{BC9D729B-F799-4C0E-B870-8E59399C72D0}.Debug|Any CPU.Build.0 = Debug|Any CPU
		{BC9D729B-F799-4C0E-B870-8E59399C72D0}.Release|Any CPU.ActiveCfg = Release|Any CPU
		{BC9D729B-F799-4C0E-B870-8E59399C72D0}.Release|Any CPU.Build.0 = Release|Any CPU
		{1FF00527-31C9-49BE-9F27-DE071078F7BA}.Debug|Any CPU.ActiveCfg = Debug|Any CPU
		{1FF00527-31C9-49BE-9F27-DE071078F7BA}.Debug|Any CPU.Build.0 = Debug|Any CPU
		{1FF00527-31C9-49BE-9F27-DE071078F7BA}.Release|Any CPU.ActiveCfg = Release|Any CPU
		{1FF00527-31C9-49BE-9F27-DE071078F7BA}.Release|Any CPU.Build.0 = Release|Any CPU
	EndGlobalSection
	GlobalSection(SolutionProperties) = preSolution
		HideSolutionNode = FALSE
	EndGlobalSection
	GlobalSection(ExtensibilityGlobals) = postSolution
		SolutionGuid = {64619CD6-55E4-450A-8898-3F81036758A0}
	EndGlobalSection
EndGlobal
